
Microsoft Visual Studio Solution File, Format Version 12.00
# Visual Studio 15
VisualStudioVersion = 15.0.28010.2048
MinimumVisualStudioVersion = 10.0.40219.1
Project("{9A19103F-16F7-4668-BE54-9A1E7A4F7556}") = "TravelBlog", "TravelBlog\TravelBlog.csproj", "{35D2FBD0-68ED-46F2-AF06-4BF48625F284}"
EndProject
Project("{9A19103F-16F7-4668-BE54-9A1E7A4F7556}") = "Contracts", "Contracts\Contracts.csproj", "{B6380794-3EE7-47B7-BC25-09231D7EFE5F}"
EndProject
Project("{9A19103F-16F7-4668-BE54-9A1E7A4F7556}") = "LoggerService", "LoggerService\LoggerService.csproj", "{80048032-B8E4-4F9F-AE88-A549B13F8707}"
EndProject
Project("{9A19103F-16F7-4668-BE54-9A1E7A4F7556}") = "Entities", "Entities\Entities.csproj", "{6F584B5A-EC99-461C-8112-ADEFFBFA7F36}"
EndProject
Project("{FAE04EC0-301F-11D3-BF4B-00C04F79EFBC}") = "Repositories", "Repositories\Repositories.csproj", "{53538A21-0863-4DBA-AEF6-7CAD581C7C24}"
EndProject
Global
	GlobalSection(SolutionConfigurationPlatforms) = preSolution
		Debug|Any CPU = Debug|Any CPU
		Release|Any CPU = Release|Any CPU
	EndGlobalSection
	GlobalSection(ProjectConfigurationPlatforms) = postSolution
		{35D2FBD0-68ED-46F2-AF06-4BF48625F284}.Debug|Any CPU.ActiveCfg = Debug|Any CPU
		{35D2FBD0-68ED-46F2-AF06-4BF48625F284}.Debug|Any CPU.Build.0 = Debug|Any CPU
		{35D2FBD0-68ED-46F2-AF06-4BF48625F284}.Release|Any CPU.ActiveCfg = Release|Any CPU
		{35D2FBD0-68ED-46F2-AF06-4BF48625F284}.Release|Any CPU.Build.0 = Release|Any CPU
		{B6380794-3EE7-47B7-BC25-09231D7EFE5F}.Debug|Any CPU.ActiveCfg = Debug|Any CPU
		{B6380794-3EE7-47B7-BC25-09231D7EFE5F}.Debug|Any CPU.Build.0 = Debug|Any CPU
		{B6380794-3EE7-47B7-BC25-09231D7EFE5F}.Release|Any CPU.ActiveCfg = Release|Any CPU
		{B6380794-3EE7-47B7-BC25-09231D7EFE5F}.Release|Any CPU.Build.0 = Release|Any CPU
		{80048032-B8E4-4F9F-AE88-A549B13F8707}.Debug|Any CPU.ActiveCfg = Debug|Any CPU
		{80048032-B8E4-4F9F-AE88-A549B13F8707}.Debug|Any CPU.Build.0 = Debug|Any CPU
		{80048032-B8E4-4F9F-AE88-A549B13F8707}.Release|Any CPU.ActiveCfg = Release|Any CPU
		{80048032-B8E4-4F9F-AE88-A549B13F8707}.Release|Any CPU.Build.0 = Release|Any CPU
		{6F584B5A-EC99-461C-8112-ADEFFBFA7F36}.Debug|Any CPU.ActiveCfg = Debug|Any CPU
		{6F584B5A-EC99-461C-8112-ADEFFBFA7F36}.Debug|Any CPU.Build.0 = Debug|Any CPU
		{6F584B5A-EC99-461C-8112-ADEFFBFA7F36}.Release|Any CPU.ActiveCfg = Release|Any CPU
		{6F584B5A-EC99-461C-8112-ADEFFBFA7F36}.Release|Any CPU.Build.0 = Release|Any CPU
		{53538A21-0863-4DBA-AEF6-7CAD581C7C24}.Debug|Any CPU.ActiveCfg = Debug|Any CPU
		{53538A21-0863-4DBA-AEF6-7CAD581C7C24}.Debug|Any CPU.Build.0 = Debug|Any CPU
		{53538A21-0863-4DBA-AEF6-7CAD581C7C24}.Release|Any CPU.ActiveCfg = Release|Any CPU
		{53538A21-0863-4DBA-AEF6-7CAD581C7C24}.Release|Any CPU.Build.0 = Release|Any CPU
	EndGlobalSection
	GlobalSection(SolutionProperties) = preSolution
		HideSolutionNode = FALSE
	EndGlobalSection
	GlobalSection(ExtensibilityGlobals) = postSolution
		SolutionGuid = {BCF582C6-4D4D-4CB0-AA06-98F4EAB52886}
	EndGlobalSection
EndGlobal
